
Microsoft Visual Studio Solution File, Format Version 12.00
# Visual Studio 15
VisualStudioVersion = 15.0.27703.2042
MinimumVisualStudioVersion = 10.0.40219.1
Project("{FAE04EC0-301F-11D3-BF4B-00C04F79EFBC}") = "SwinAdventure", "SwinAdventure\SwinAdventure.csproj", "{CF40D9EF-0749-4AED-A735-6EEDABC3F65D}"
EndProject
Project("{9A19103F-16F7-4668-BE54-9A1E7A4F7556}") = "Nunit-Template.Test", "..\Nunit-Framework-Template\Test-Template\Nunit-Template.Test.csproj", "{0CB25EF4-418B-4392-993B-1306F1176ADE}"
EndProject
Global
	GlobalSection(SolutionConfigurationPlatforms) = preSolution
		Debug|Any CPU = Debug|Any CPU
		Release|Any CPU = Release|Any CPU
	EndGlobalSection
	GlobalSection(ProjectConfigurationPlatforms) = postSolution
		{CF40D9EF-0749-4AED-A735-6EEDABC3F65D}.Debug|Any CPU.ActiveCfg = Debug|Any CPU
		{CF40D9EF-0749-4AED-A735-6EEDABC3F65D}.Debug|Any CPU.Build.0 = Debug|Any CPU
		{CF40D9EF-0749-4AED-A735-6EEDABC3F65D}.Release|Any CPU.ActiveCfg = Release|Any CPU
		{CF40D9EF-0749-4AED-A735-6EEDABC3F65D}.Release|Any CPU.Build.0 = Release|Any CPU
		{0CB25EF4-418B-4392-993B-1306F1176ADE}.Debug|Any CPU.ActiveCfg = Debug|Any CPU
		{0CB25EF4-418B-4392-993B-1306F1176ADE}.Debug|Any CPU.Build.0 = Debug|Any CPU
		{0CB25EF4-418B-4392-993B-1306F1176ADE}.Release|Any CPU.ActiveCfg = Release|Any CPU
		{0CB25EF4-418B-4392-993B-1306F1176ADE}.Release|Any CPU.Build.0 = Release|Any CPU
	EndGlobalSection
	GlobalSection(SolutionProperties) = preSolution
		HideSolutionNode = FALSE
	EndGlobalSection
	GlobalSection(ExtensibilityGlobals) = postSolution
		SolutionGuid = {098EA943-9438-4496-B227-50556B262465}
	EndGlobalSection
EndGlobal
